
Microsoft Visual Studio Solution File, Format Version 12.00
# Visual Studio Version 17
VisualStudioVersion = 17.4.33213.308
MinimumVisualStudioVersion = 10.0.40219.1
Project("{9A19103F-16F7-4668-BE54-9A1E7A4F7556}") = "MachineSimulator", "MachineSimulator\MachineSimulator.csproj", "{B3FE50C7-5E83-4D57-877D-A528DCA9274A}"
	ProjectSection(ProjectDependencies) = postProject
		{68DD86AF-8688-4D6C-ADD1-291ACEFEB755} = {68DD86AF-8688-4D6C-ADD1-291ACEFEB755}
	EndProjectSection
EndProject
Project("{9A19103F-16F7-4668-BE54-9A1E7A4F7556}") = "MachineInterface", "MachineInterface\MachineInterface.csproj", "{747C3FC1-DF13-43DF-B593-266992200FE3}"
EndProject
Project("{9A19103F-16F7-4668-BE54-9A1E7A4F7556}") = "MachineMonitoring", "MachineMonitoring\MachineMonitoring.csproj", "{F49D010D-27ED-487F-84FF-FDBA537FC870}"
EndProject
Project("{9A19103F-16F7-4668-BE54-9A1E7A4F7556}") = "EventContracts", "EventContracts\EventContracts.csproj", "{68DD86AF-8688-4D6C-ADD1-291ACEFEB755}"
EndProject
Project("{2150E333-8FDC-42A3-9474-1A3956D46DE8}") = "Solution Items", "Solution Items", "{136AB90C-E472-4696-A309-9F7BBC0D9EFA}"
	ProjectSection(SolutionItems) = preProject
		RabbitMqInstall.ps1 = RabbitMqInstall.ps1
	EndProjectSection
EndProject
Global
	GlobalSection(SolutionConfigurationPlatforms) = preSolution
		Debug|Any CPU = Debug|Any CPU
		Release|Any CPU = Release|Any CPU
	EndGlobalSection
	GlobalSection(ProjectConfigurationPlatforms) = postSolution
		{B3FE50C7-5E83-4D57-877D-A528DCA9274A}.Debug|Any CPU.ActiveCfg = Debug|Any CPU
		{B3FE50C7-5E83-4D57-877D-A528DCA9274A}.Debug|Any CPU.Build.0 = Debug|Any CPU
		{B3FE50C7-5E83-4D57-877D-A528DCA9274A}.Release|Any CPU.ActiveCfg = Release|Any CPU
		{B3FE50C7-5E83-4D57-877D-A528DCA9274A}.Release|Any CPU.Build.0 = Release|Any CPU
		{747C3FC1-DF13-43DF-B593-266992200FE3}.Debug|Any CPU.ActiveCfg = Debug|Any CPU
		{747C3FC1-DF13-43DF-B593-266992200FE3}.Debug|Any CPU.Build.0 = Debug|Any CPU
		{747C3FC1-DF13-43DF-B593-266992200FE3}.Release|Any CPU.ActiveCfg = Release|Any CPU
		{747C3FC1-DF13-43DF-B593-266992200FE3}.Release|Any CPU.Build.0 = Release|Any CPU
		{F49D010D-27ED-487F-84FF-FDBA537FC870}.Debug|Any CPU.ActiveCfg = Debug|Any CPU
		{F49D010D-27ED-487F-84FF-FDBA537FC870}.Debug|Any CPU.Build.0 = Debug|Any CPU
		{F49D010D-27ED-487F-84FF-FDBA537FC870}.Release|Any CPU.ActiveCfg = Release|Any CPU
		{F49D010D-27ED-487F-84FF-FDBA537FC870}.Release|Any CPU.Build.0 = Release|Any CPU
		{68DD86AF-8688-4D6C-ADD1-291ACEFEB755}.Debug|Any CPU.ActiveCfg = Debug|Any CPU
		{68DD86AF-8688-4D6C-ADD1-291ACEFEB755}.Debug|Any CPU.Build.0 = Debug|Any CPU
		{68DD86AF-8688-4D6C-ADD1-291ACEFEB755}.Release|Any CPU.ActiveCfg = Release|Any CPU
		{68DD86AF-8688-4D6C-ADD1-291ACEFEB755}.Release|Any CPU.Build.0 = Release|Any CPU
	EndGlobalSection
	GlobalSection(SolutionProperties) = preSolution
		HideSolutionNode = FALSE
	EndGlobalSection
	GlobalSection(ExtensibilityGlobals) = postSolution
		SolutionGuid = {AD74230F-9AE1-4931-BA93-C9BC7D7D75A2}
	EndGlobalSection
EndGlobal
